github.com/Hari-Kiri/virest-storage-pool v1.0.1 h1:cFur7VV2JlWz4ITMcGmBWlbY2E4KG/9MskQhMBCVd24=
github.com/Hari-Kiri/virest-storage-pool v1.0.1/go.mod h1:HmGaMH8YMD2E6Puo9eDk5ljTMUdKqFWgY01IuOfHSeA=
github.com/Hari-Kiri/virest-storage-volume v0.2.0-dev h1:gUpBNlYdaq2hMqcD8+8fZlIsq7q82OAUnWxcc1oE80k=
github.com/Hari-Kiri/virest-storage-volume v0.2.0-dev/go.mod h1:jF+BWLD8lBZFnj8V5OhuQmc/DpJuUX6uze2DLBijhns=
github.com/golang-jwt/jwt v3.2.2+incompatible h1:IfV12K8xAKAnZqdXVzCZ+TOjboZ2keLg81eXfW3O+oY=
github.com/golang-jwt/jwt v3.2.2+incompatible/go.mod h1:8pz2t5EyA70fFQQSrl6XZXzqecmYZeUEB8OUGHkxJ+I=
golang.org/x/crypto v0.32.0 h1:euUpcYgM8WcP71gNpTqQCn6rC2t6ULUPiOzfWaXVVfc=
golang.org/x/crypto v0.32.0/go.mod h1:ZnnJkOaASj8g0AjIduWNlq2NRxL0PlBrbKVyZ6V/Ugc=
libvirt.org/go/libvirt v1.10009.1 h1:Z79EnxEVE190MeULGoq1GY0tb+O18FpYzUNYDHgkrN8=
libvirt.org/go/libvirt v1.10009.1/go.mod h1:1WiFE8EjZfq+FCVog+rvr1yatKbKZ9FaFMZgEqxEJqQ=
libvirt.org/go/libvirtxml v1.10010.0 h1:htg6LO41eWDoA1fih0KpyWLC8Yks4GQNV014vlfXcJ4=
libvirt.org/go/libvirtxml v1.10010.0/go.mod h1:7Oq2BLDstLr/XtoQD8Fr3mfDNrzlI3utYKySXF2xkng=
